
Microsoft Visual Studio Solution File, Format Version 12.00
# Visual Studio Version 16
VisualStudioVersion = 16.0.30517.126
MinimumVisualStudioVersion = 10.0.40219.1
Project("{9A19103F-16F7-4668-BE54-9A1E7A4F7556}") = "Cortside.Health", "Cortside.Health\Cortside.Health.csproj", "{D05A8B83-F7BD-4AFD-B86D-5581C357E357}"
EndProject
Project("{2150E333-8FDC-42A3-9474-1A3956D46DE8}") = "Solution Folder", "Solution Folder", "{A1027C02-7AD8-409E-8E8B-C53AA6FF174C}"
	ProjectSection(SolutionItems) = preProject
		.editorconfig = .editorconfig
		..\README.md = ..\README.md
	EndProjectSection
EndProject
Global
	GlobalSection(SolutionConfigurationPlatforms) = preSolution
		Debug|Any CPU = Debug|Any CPU
		Release|Any CPU = Release|Any CPU
	EndGlobalSection
	GlobalSection(ProjectConfigurationPlatforms) = postSolution
		{D05A8B83-F7BD-4AFD-B86D-5581C357E357}.Debug|Any CPU.ActiveCfg = Debug|Any CPU
		{D05A8B83-F7BD-4AFD-B86D-5581C357E357}.Debug|Any CPU.Build.0 = Debug|Any CPU
		{D05A8B83-F7BD-4AFD-B86D-5581C357E357}.Release|Any CPU.ActiveCfg = Release|Any CPU
		{D05A8B83-F7BD-4AFD-B86D-5581C357E357}.Release|Any CPU.Build.0 = Release|Any CPU
	EndGlobalSection
	GlobalSection(SolutionProperties) = preSolution
		HideSolutionNode = FALSE
	EndGlobalSection
	GlobalSection(ExtensibilityGlobals) = postSolution
		SolutionGuid = {503320E8-3FCE-4608-AC33-76EAEE895690}
	EndGlobalSection
EndGlobal
